
Microsoft Visual Studio Solution File, Format Version 12.00
# Visual Studio Version 17
VisualStudioVersion = 17.11.35222.181
MinimumVisualStudioVersion = 10.0.40219.1
Project("{FAE04EC0-301F-11D3-BF4B-00C04F79EFBC}") = "memory", "memory\memory.csproj", "{F3A30866-7F25-457E-9576-843A3C0743F1}"
EndProject
Global
	GlobalSection(SolutionConfigurationPlatforms) = preSolution
		Debug|Any CPU = Debug|Any CPU
		Release|Any CPU = Release|Any CPU
	EndGlobalSection
	GlobalSection(ProjectConfigurationPlatforms) = postSolution
		{F3A30866-7F25-457E-9576-843A3C0743F1}.Debug|Any CPU.ActiveCfg = Debug|Any CPU
		{F3A30866-7F25-457E-9576-843A3C0743F1}.Debug|Any CPU.Build.0 = Debug|Any CPU
		{F3A30866-7F25-457E-9576-843A3C0743F1}.Release|Any CPU.ActiveCfg = Release|Any CPU
		{F3A30866-7F25-457E-9576-843A3C0743F1}.Release|Any CPU.Build.0 = Release|Any CPU
	EndGlobalSection
	GlobalSection(SolutionProperties) = preSolution
		HideSolutionNode = FALSE
	EndGlobalSection
	GlobalSection(ExtensibilityGlobals) = postSolution
		SolutionGuid = {31E39571-3581-47A0-A77F-BBB697622D58}
	EndGlobalSection
EndGlobal
